
Microsoft Visual Studio Solution File, Format Version 12.00
# Visual Studio Version 17
VisualStudioVersion = 17.5.002.0
MinimumVisualStudioVersion = 10.0.40219.1
Project("{2150E333-8FDC-42A3-9474-1A3956D46DE8}") = "csharp-prep", "csharp-prep", "{C6EA344A-49D0-4B3A-A351-D6B479D6154D}"
EndProject
Project("{9A19103F-16F7-4668-BE54-9A1E7A4F7556}") = "Prep1", "csharp-prep\Prep1\Prep1.csproj", "{49730519-662C-46B3-95A9-B85DB42B440B}"
EndProject
Project("{9A19103F-16F7-4668-BE54-9A1E7A4F7556}") = "Prep2", "csharp-prep\Prep2\Prep2.csproj", "{30A8EF4E-816E-4523-87B0-014ED2BA4A91}"
EndProject
Project("{9A19103F-16F7-4668-BE54-9A1E7A4F7556}") = "Prep3", "csharp-prep\Prep3\Prep3.csproj", "{AF739CF0-5111-4AB7-989C-A5E51AAC246F}"
EndProject
Project("{9A19103F-16F7-4668-BE54-9A1E7A4F7556}") = "Prep4", "csharp-prep\Prep4\Prep4.csproj", "{12C628B0-AEDE-43C9-AC0D-474ACFC987D6}"
EndProject
Project("{9A19103F-16F7-4668-BE54-9A1E7A4F7556}") = "Prep5", "csharp-prep\Prep5\Prep5.csproj", "{B24ED978-1370-4227-91A7-57104C8A16FA}"
EndProject
Project("{2150E333-8FDC-42A3-9474-1A3956D46DE8}") = "final", "final", "{04D14F01-25AB-4C08-9584-5959FC981ED2}"
EndProject
Project("{9A19103F-16F7-4668-BE54-9A1E7A4F7556}") = "FinalProject", "final\FinalProject\FinalProject.csproj", "{D8264917-52C0-481A-AC4A-072F1456152A}"
EndProject
Project("{9A19103F-16F7-4668-BE54-9A1E7A4F7556}") = "Foundation1", "final\Foundation1\Foundation1.csproj", "{2FF0FFC6-A403-46D9-80E1-71E1F382061B}"
EndProject
Project("{9A19103F-16F7-4668-BE54-9A1E7A4F7556}") = "Foundation2", "final\Foundation2\Foundation2.csproj", "{0B56D139-9BFE-4504-9636-4CE72B35B9EE}"
EndProject
Project("{9A19103F-16F7-4668-BE54-9A1E7A4F7556}") = "Foundation3", "final\Foundation3\Foundation3.csproj", "{019437B6-AC67-438D-A23F-947C5C56DE65}"
EndProject
Project("{9A19103F-16F7-4668-BE54-9A1E7A4F7556}") = "Foundation4", "final\Foundation4\Foundation4.csproj", "{9533028C-DC0D-40C8-BC08-7365978148C3}"
EndProject
Project("{2150E333-8FDC-42A3-9474-1A3956D46DE8}") = "prepare", "prepare", "{17EF61DE-1BB2-4A18-87B4-EC41E065536F}"
EndProject
Project("{9A19103F-16F7-4668-BE54-9A1E7A4F7556}") = "Learning02", "prepare\Learning02\Learning02.csproj", "{6B21C22B-7434-4092-A05F-CE67B7516D92}"
EndProject
Project("{9A19103F-16F7-4668-BE54-9A1E7A4F7556}") = "Learning03", "prepare\Learning03\Learning03.csproj", "{11891CEA-6A01-4C27-8356-A2D91A182543}"
EndProject
Project("{9A19103F-16F7-4668-BE54-9A1E7A4F7556}") = "Learning04", "prepare\Learning04\Learning04.csproj", "{D9814178-F2F2-43A5-A1E7-4878EB9EBE02}"
EndProject
Project("{9A19103F-16F7-4668-BE54-9A1E7A4F7556}") = "Learning05", "prepare\Learning05\Learning05.csproj", "{361A6853-968F-42F8-8160-26D8D6DC6365}"
EndProject
Project("{2150E333-8FDC-42A3-9474-1A3956D46DE8}") = "prove", "prove", "{B29C17DF-12B6-4D88-906F-6065C05A2601}"
EndProject
Project("{9A19103F-16F7-4668-BE54-9A1E7A4F7556}") = "Develop02", "prove\Develop02\Develop02.csproj", "{154C7BF9-237D-487B-96FF-FC7FB1C99552}"
EndProject
Project("{9A19103F-16F7-4668-BE54-9A1E7A4F7556}") = "Develop03", "prove\Develop03\Develop03.csproj", "{24635071-92C2-4326-A47E-DFD9C047F358}"
EndProject
Project("{9A19103F-16F7-4668-BE54-9A1E7A4F7556}") = "Develop04", "prove\Develop04\Develop04.csproj", "{C94E7F06-BD56-4EA4-A6C0-77B60480732E}"
EndProject
Project("{9A19103F-16F7-4668-BE54-9A1E7A4F7556}") = "Develop05", "prove\Develop05\Develop05.csproj", "{36ADBE91-57E0-493A-907D-3D45914B4EC0}"
EndProject
Project("{2150E333-8FDC-42A3-9474-1A3956D46DE8}") = "sandbox", "sandbox", "{5659B584-36AF-4D96-951A-08AFDF2D6789}"
EndProject
Project("{9A19103F-16F7-4668-BE54-9A1E7A4F7556}") = "Sandbox", "sandbox\Sandbox\Sandbox.csproj", "{5147F801-EC11-4610-BB2B-B66F4AB6A8BC}"
EndProject
Global
	GlobalSection(SolutionConfigurationPlatforms) = preSolution
		Debug|Any CPU = Debug|Any CPU
		Release|Any CPU = Release|Any CPU
	EndGlobalSection
	GlobalSection(ProjectConfigurationPlatforms) = postSolution
		{49730519-662C-46B3-95A9-B85DB42B440B}.Debug|Any CPU.ActiveCfg = Debug|Any CPU
		{49730519-662C-46B3-95A9-B85DB42B440B}.Debug|Any CPU.Build.0 = Debug|Any CPU
		{49730519-662C-46B3-95A9-B85DB42B440B}.Release|Any CPU.ActiveCfg = Release|Any CPU
		{49730519-662C-46B3-95A9-B85DB42B440B}.Release|Any CPU.Build.0 = Release|Any CPU
		{30A8EF4E-816E-4523-87B0-014ED2BA4A91}.Debug|Any CPU.ActiveCfg = Debug|Any CPU
		{30A8EF4E-816E-4523-87B0-014ED2BA4A91}.Debug|Any CPU.Build.0 = Debug|Any CPU
		{30A8EF4E-816E-4523-87B0-014ED2BA4A91}.Release|Any CPU.ActiveCfg = Release|Any CPU
		{30A8EF4E-816E-4523-87B0-014ED2BA4A91}.Release|Any CPU.Build.0 = Release|Any CPU
		{AF739CF0-5111-4AB7-989C-A5E51AAC246F}.Debug|Any CPU.ActiveCfg = Debug|Any CPU
		{AF739CF0-5111-4AB7-989C-A5E51AAC246F}.Debug|Any CPU.Build.0 = Debug|Any CPU
		{AF739CF0-5111-4AB7-989C-A5E51AAC246F}.Release|Any CPU.ActiveCfg = Release|Any CPU
		{AF739CF0-5111-4AB7-989C-A5E51AAC246F}.Release|Any CPU.Build.0 = Release|Any CPU
		{12C628B0-AEDE-43C9-AC0D-474ACFC987D6}.Debug|Any CPU.ActiveCfg = Debug|Any CPU
		{12C628B0-AEDE-43C9-AC0D-474ACFC987D6}.Debug|Any CPU.Build.0 = Debug|Any CPU
		{12C628B0-AEDE-43C9-AC0D-474ACFC987D6}.Release|Any CPU.ActiveCfg = Release|Any CPU
		{12C628B0-AEDE-43C9-AC0D-474ACFC987D6}.Release|Any CPU.Build.0 = Release|Any CPU
		{B24ED978-1370-4227-91A7-57104C8A16FA}.Debug|Any CPU.ActiveCfg = Debug|Any CPU
		{B24ED978-1370-4227-91A7-57104C8A16FA}.Debug|Any CPU.Build.0 = Debug|Any CPU
		{B24ED978-1370-4227-91A7-57104C8A16FA}.Release|Any CPU.ActiveCfg = Release|Any CPU
		{B24ED978-1370-4227-91A7-57104C8A16FA}.Release|Any CPU.Build.0 = Release|Any CPU
		{D8264917-52C0-481A-AC4A-072F1456152A}.Debug|Any CPU.ActiveCfg = Debug|Any CPU
		{D8264917-52C0-481A-AC4A-072F1456152A}.Debug|Any CPU.Build.0 = Debug|Any CPU
		{D8264917-52C0-481A-AC4A-072F1456152A}.Release|Any CPU.ActiveCfg = Release|Any CPU
		{D8264917-52C0-481A-AC4A-072F1456152A}.Release|Any CPU.Build.0 = Release|Any CPU
		{2FF0FFC6-A403-46D9-80E1-71E1F382061B}.Debug|Any CPU.ActiveCfg = Debug|Any CPU
		{2FF0FFC6-A403-46D9-80E1-71E1F382061B}.Debug|Any CPU.Build.0 = Debug|Any CPU
		{2FF0FFC6-A403-46D9-80E1-71E1F382061B}.Release|Any CPU.ActiveCfg = Release|Any CPU
		{2FF0FFC6-A403-46D9-80E1-71E1F382061B}.Release|Any CPU.Build.0 = Release|Any CPU
		{0B56D139-9BFE-4504-9636-4CE72B35B9EE}.Debug|Any CPU.ActiveCfg = Debug|Any CPU
		{0B56D139-9BFE-4504-9636-4CE72B35B9EE}.Debug|Any CPU.Build.0 = Debug|Any CPU
		{0B56D139-9BFE-4504-9636-4CE72B35B9EE}.Release|Any CPU.ActiveCfg = Release|Any CPU
		{0B56D139-9BFE-4504-9636-4CE72B35B9EE}.Release|Any CPU.Build.0 = Release|Any CPU
		{019437B6-AC67-438D-A23F-947C5C56DE65}.Debug|Any CPU.ActiveCfg = Debug|Any CPU
		{019437B6-AC67-438D-A23F-947C5C56DE65}.Debug|Any CPU.Build.0 = Debug|Any CPU
		{019437B6-AC67-438D-A23F-947C5C56DE65}.Release|Any CPU.ActiveCfg = Release|Any CPU
		{019437B6-AC67-438D-A23F-947C5C56DE65}.Release|Any CPU.Build.0 = Release|Any CPU
		{9533028C-DC0D-40C8-BC08-7365978148C3}.Debug|Any CPU.ActiveCfg = Debug|Any CPU
		{9533028C-DC0D-40C8-BC08-7365978148C3}.Debug|Any CPU.Build.0 = Debug|Any CPU
		{9533028C-DC0D-40C8-BC08-7365978148C3}.Release|Any CPU.ActiveCfg = Release|Any CPU
		{9533028C-DC0D-40C8-BC08-7365978148C3}.Release|Any CPU.Build.0 = Release|Any CPU
		{6B21C22B-7434-4092-A05F-CE67B7516D92}.Debug|Any CPU.ActiveCfg = Debug|Any CPU
		{6B21C22B-7434-4092-A05F-CE67B7516D92}.Debug|Any CPU.Build.0 = Debug|Any CPU
		{6B21C22B-7434-4092-A05F-CE67B7516D92}.Release|Any CPU.ActiveCfg = Release|Any CPU
		{6B21C22B-7434-4092-A05F-CE67B7516D92}.Release|Any CPU.Build.0 = Release|Any CPU
		{11891CEA-6A01-4C27-8356-A2D91A182543}.Debug|Any CPU.ActiveCfg = Debug|Any CPU
		{11891CEA-6A01-4C27-8356-A2D91A182543}.Debug|Any CPU.Build.0 = Debug|Any CPU
		{11891CEA-6A01-4C27-8356-A2D91A182543}.Release|Any CPU.ActiveCfg = Release|Any CPU
		{11891CEA-6A01-4C27-8356-A2D91A182543}.Release|Any CPU.Build.0 = Release|Any CPU
		{D9814178-F2F2-43A5-A1E7-4878EB9EBE02}.Debug|Any CPU.ActiveCfg = Debug|Any CPU
		{D9814178-F2F2-43A5-A1E7-4878EB9EBE02}.Debug|Any CPU.Build.0 = Debug|Any CPU
		{D9814178-F2F2-43A5-A1E7-4878EB9EBE02}.Release|Any CPU.ActiveCfg = Release|Any CPU
		{D9814178-F2F2-43A5-A1E7-4878EB9EBE02}.Release|Any CPU.Build.0 = Release|Any CPU
		{361A6853-968F-42F8-8160-26D8D6DC6365}.Debug|Any CPU.ActiveCfg = Debug|Any CPU
		{361A6853-968F-42F8-8160-26D8D6DC6365}.Debug|Any CPU.Build.0 = Debug|Any CPU
		{361A6853-968F-42F8-8160-26D8D6DC6365}.Release|Any CPU.ActiveCfg = Release|Any CPU
		{361A6853-968F-42F8-8160-26D8D6DC6365}.Release|Any CPU.Build.0 = Release|Any CPU
		{154C7BF9-237D-487B-96FF-FC7FB1C99552}.Debug|Any CPU.ActiveCfg = Debug|Any CPU
		{154C7BF9-237D-487B-96FF-FC7FB1C99552}.Debug|Any CPU.Build.0 = Debug|Any CPU
		{154C7BF9-237D-487B-96FF-FC7FB1C99552}.Release|Any CPU.ActiveCfg = Release|Any CPU
		{154C7BF9-237D-487B-96FF-FC7FB1C99552}.Release|Any CPU.Build.0 = Release|Any CPU
		{24635071-92C2-4326-A47E-DFD9C047F358}.Debug|Any CPU.ActiveCfg = Debug|Any CPU
		{24635071-92C2-4326-A47E-DFD9C047F358}.Debug|Any CPU.Build.0 = Debug|Any CPU
		{24635071-92C2-4326-A47E-DFD9C047F358}.Release|Any CPU.ActiveCfg = Release|Any CPU
		{24635071-92C2-4326-A47E-DFD9C047F358}.Release|Any CPU.Build.0 = Release|Any CPU
		{C94E7F06-BD56-4EA4-A6C0-77B60480732E}.Debug|Any CPU.ActiveCfg = Debug|Any CPU
		{C94E7F06-BD56-4EA4-A6C0-77B60480732E}.Debug|Any CPU.Build.0 = Debug|Any CPU
		{C94E7F06-BD56-4EA4-A6C0-77B60480732E}.Release|Any CPU.ActiveCfg = Release|Any CPU
		{C94E7F06-BD56-4EA4-A6C0-77B60480732E}.Release|Any CPU.Build.0 = Release|Any CPU
		{36ADBE91-57E0-493A-907D-3D45914B4EC0}.Debug|Any CPU.ActiveCfg = Debug|Any CPU
		{36ADBE91-57E0-493A-907D-3D45914B4EC0}.Debug|Any CPU.Build.0 = Debug|Any CPU
		{36ADBE91-57E0-493A-907D-3D45914B4EC0}.Release|Any CPU.ActiveCfg = Release|Any CPU
		{36ADBE91-57E0-493A-907D-3D45914B4EC0}.Release|Any CPU.Build.0 = Release|Any CPU
		{5147F801-EC11-4610-BB2B-B66F4AB6A8BC}.Debug|Any CPU.ActiveCfg = Debug|Any CPU
		{5147F801-EC11-4610-BB2B-B66F4AB6A8BC}.Debug|Any CPU.Build.0 = Debug|Any CPU
		{5147F801-EC11-4610-BB2B-B66F4AB6A8BC}.Release|Any CPU.ActiveCfg = Release|Any CPU
		{5147F801-EC11-4610-BB2B-B66F4AB6A8BC}.Release|Any CPU.Build.0 = Release|Any CPU
	EndGlobalSection
	GlobalSection(SolutionProperties) = preSolution
		HideSolutionNode = FALSE
	EndGlobalSection
	GlobalSection(NestedProjects) = preSolution
		{49730519-662C-46B3-95A9-B85DB42B440B} = {C6EA344A-49D0-4B3A-A351-D6B479D6154D}
		{30A8EF4E-816E-4523-87B0-014ED2BA4A91} = {C6EA344A-49D0-4B3A-A351-D6B479D6154D}
		{AF739CF0-5111-4AB7-989C-A5E51AAC246F} = {C6EA344A-49D0-4B3A-A351-D6B479D6154D}
		{12C628B0-AEDE-43C9-AC0D-474ACFC987D6} = {C6EA344A-49D0-4B3A-A351-D6B479D6154D}
		{B24ED978-1370-4227-91A7-57104C8A16FA} = {C6EA344A-49D0-4B3A-A351-D6B479D6154D}
		{D8264917-52C0-481A-AC4A-072F1456152A} = {04D14F01-25AB-4C08-9584-5959FC981ED2}
		{2FF0FFC6-A403-46D9-80E1-71E1F382061B} = {04D14F01-25AB-4C08-9584-5959FC981ED2}
		{0B56D139-9BFE-4504-9636-4CE72B35B9EE} = {04D14F01-25AB-4C08-9584-5959FC981ED2}
		{019437B6-AC67-438D-A23F-947C5C56DE65} = {04D14F01-25AB-4C08-9584-5959FC981ED2}
		{9533028C-DC0D-40C8-BC08-7365978148C3} = {04D14F01-25AB-4C08-9584-5959FC981ED2}
		{6B21C22B-7434-4092-A05F-CE67B7516D92} = {17EF61DE-1BB2-4A18-87B4-EC41E065536F}
		{11891CEA-6A01-4C27-8356-A2D91A182543} = {17EF61DE-1BB2-4A18-87B4-EC41E065536F}
		{D9814178-F2F2-43A5-A1E7-4878EB9EBE02} = {17EF61DE-1BB2-4A18-87B4-EC41E065536F}
		{361A6853-968F-42F8-8160-26D8D6DC6365} = {17EF61DE-1BB2-4A18-87B4-EC41E065536F}
		{154C7BF9-237D-487B-96FF-FC7FB1C99552} = {B29C17DF-12B6-4D88-906F-6065C05A2601}
		{24635071-92C2-4326-A47E-DFD9C047F358} = {B29C17DF-12B6-4D88-906F-6065C05A2601}
		{C94E7F06-BD56-4EA4-A6C0-77B60480732E} = {B29C17DF-12B6-4D88-906F-6065C05A2601}
		{36ADBE91-57E0-493A-907D-3D45914B4EC0} = {B29C17DF-12B6-4D88-906F-6065C05A2601}
		{5147F801-EC11-4610-BB2B-B66F4AB6A8BC} = {5659B584-36AF-4D96-951A-08AFDF2D6789}
	EndGlobalSection
	GlobalSection(ExtensibilityGlobals) = postSolution
		SolutionGuid = {164E3C0A-BE9D-4FD3-AEBC-E96EEC2F09CC}
	EndGlobalSection
EndGlobal
